
Microsoft Visual Studio Solution File, Format Version 12.00
# Visual Studio Version 17
VisualStudioVersion = 17.5.33516.290
MinimumVisualStudioVersion = 10.0.40219.1
Project("{9A19103F-16F7-4668-BE54-9A1E7A4F7556}") = "Entities", "Entities\Entities.csproj", "{8D1509AC-CBE4-4B52-8688-265781D2C8F9}"
EndProject
Project("{9A19103F-16F7-4668-BE54-9A1E7A4F7556}") = "Business", "Business\Business.csproj", "{A9AFFE57-CFC8-4096-97EF-2F733D1EDF83}"
EndProject
Project("{9A19103F-16F7-4668-BE54-9A1E7A4F7556}") = "DataAccess", "DataAccess\DataAccess.csproj", "{7C937B2B-7BFE-4139-B19D-6C1CC0D41341}"
EndProject
Project("{9A19103F-16F7-4668-BE54-9A1E7A4F7556}") = "WebAPI", "WebAPI\WebAPI.csproj", "{9BC1EF4B-7838-4C0F-91DC-2CC6BF5DE32E}"
EndProject
Project("{FAE04EC0-301F-11D3-BF4B-00C04F79EFBC}") = "ServiceUI", "ServiceUI\ServiceUI.csproj", "{4DF10A51-9CDB-4294-92FE-BD08E1994064}"
EndProject
Global
	GlobalSection(SolutionConfigurationPlatforms) = preSolution
		Debug|Any CPU = Debug|Any CPU
		Release|Any CPU = Release|Any CPU
	EndGlobalSection
	GlobalSection(ProjectConfigurationPlatforms) = postSolution
		{8D1509AC-CBE4-4B52-8688-265781D2C8F9}.Debug|Any CPU.ActiveCfg = Debug|Any CPU
		{8D1509AC-CBE4-4B52-8688-265781D2C8F9}.Debug|Any CPU.Build.0 = Debug|Any CPU
		{8D1509AC-CBE4-4B52-8688-265781D2C8F9}.Release|Any CPU.ActiveCfg = Release|Any CPU
		{8D1509AC-CBE4-4B52-8688-265781D2C8F9}.Release|Any CPU.Build.0 = Release|Any CPU
		{A9AFFE57-CFC8-4096-97EF-2F733D1EDF83}.Debug|Any CPU.ActiveCfg = Debug|Any CPU
		{A9AFFE57-CFC8-4096-97EF-2F733D1EDF83}.Debug|Any CPU.Build.0 = Debug|Any CPU
		{A9AFFE57-CFC8-4096-97EF-2F733D1EDF83}.Release|Any CPU.ActiveCfg = Release|Any CPU
		{A9AFFE57-CFC8-4096-97EF-2F733D1EDF83}.Release|Any CPU.Build.0 = Release|Any CPU
		{7C937B2B-7BFE-4139-B19D-6C1CC0D41341}.Debug|Any CPU.ActiveCfg = Debug|Any CPU
		{7C937B2B-7BFE-4139-B19D-6C1CC0D41341}.Debug|Any CPU.Build.0 = Debug|Any CPU
		{7C937B2B-7BFE-4139-B19D-6C1CC0D41341}.Release|Any CPU.ActiveCfg = Release|Any CPU
		{7C937B2B-7BFE-4139-B19D-6C1CC0D41341}.Release|Any CPU.Build.0 = Release|Any CPU
		{9BC1EF4B-7838-4C0F-91DC-2CC6BF5DE32E}.Debug|Any CPU.ActiveCfg = Debug|Any CPU
		{9BC1EF4B-7838-4C0F-91DC-2CC6BF5DE32E}.Debug|Any CPU.Build.0 = Debug|Any CPU
		{9BC1EF4B-7838-4C0F-91DC-2CC6BF5DE32E}.Release|Any CPU.ActiveCfg = Release|Any CPU
		{9BC1EF4B-7838-4C0F-91DC-2CC6BF5DE32E}.Release|Any CPU.Build.0 = Release|Any CPU
		{4DF10A51-9CDB-4294-92FE-BD08E1994064}.Debug|Any CPU.ActiveCfg = Debug|Any CPU
		{4DF10A51-9CDB-4294-92FE-BD08E1994064}.Debug|Any CPU.Build.0 = Debug|Any CPU
		{4DF10A51-9CDB-4294-92FE-BD08E1994064}.Release|Any CPU.ActiveCfg = Release|Any CPU
		{4DF10A51-9CDB-4294-92FE-BD08E1994064}.Release|Any CPU.Build.0 = Release|Any CPU
	EndGlobalSection
	GlobalSection(SolutionProperties) = preSolution
		HideSolutionNode = FALSE
	EndGlobalSection
	GlobalSection(ExtensibilityGlobals) = postSolution
		SolutionGuid = {24C163C6-B139-44C8-840F-42F916F1295C}
	EndGlobalSection
EndGlobal
